
Microsoft Visual Studio Solution File, Format Version 12.00
Project("{FAE04EC0-301F-11D3-BF4B-00C04F79EFBC}") = "WelcomeHouseAssetProcessor", "WelcomeHouseAssetProcessor\WelcomeHouseAssetProcessor.csproj", "{D5E88049-CBE2-4ED8-885C-B20AB149D181}"
EndProject
Global
	GlobalSection(SolutionConfigurationPlatforms) = preSolution
		Debug|Any CPU = Debug|Any CPU
		Release|Any CPU = Release|Any CPU
	EndGlobalSection
	GlobalSection(ProjectConfigurationPlatforms) = postSolution
		{D5E88049-CBE2-4ED8-885C-B20AB149D181}.Debug|Any CPU.ActiveCfg = Debug|Any CPU
		{D5E88049-CBE2-4ED8-885C-B20AB149D181}.Debug|Any CPU.Build.0 = Debug|Any CPU
		{D5E88049-CBE2-4ED8-885C-B20AB149D181}.Release|Any CPU.ActiveCfg = Release|Any CPU
		{D5E88049-CBE2-4ED8-885C-B20AB149D181}.Release|Any CPU.Build.0 = Release|Any CPU
	EndGlobalSection
EndGlobal
